{
  "object": {
    "pins": [
      {
        "package": "swift-argument-parser",
        "repositoryURL": "https://github.com/apple/swift-argument-parser.git",
        "state": {
          "branch": null,
          "revision": "6a52f3251125d74daf04fcbd5e6f08a75d074382",
          "version": "1.8.2"
        }
      },
      {
        "package": "zstd",
        "repositoryURL": "https://github.com/facebook/zstd.git",
        "state": {
          "branch": null,
          "revision": "f8745da6ff1ad1e7bab384bd1f9d742439278e99",
          "version": "1.5.7"
        }
      }
    ]
  },
  "version": 1
}
